
Microsoft Visual Studio Solution File, Format Version 12.00
# Visual Studio Version 17
VisualStudioVersion = 17.12.35506.116
MinimumVisualStudioVersion = 10.0.40219.1
Project("{FAE04EC0-301F-11D3-BF4B-00C04F79EFBC}") = "TrainingDiary.Server", "TrainingDiary.Server\TrainingDiary.Server.csproj", "{688EB6F0-4463-49F2-AB56-4A79B76E04BC}"
EndProject
Project("{54A90642-561A-4BB1-A94E-469ADEE60C69}") = "trainingdiary.client", "trainingdiary.client\trainingdiary.client.esproj", "{E174118C-C5D7-4A31-8DA8-FCA4E3AC203E}"
EndProject
Project("{FAE04EC0-301F-11D3-BF4B-00C04F79EFBC}") = "TrainingDiary.DAL", "TrainingDiary.DAL\TrainingDiary.DAL.csproj", "{D48821CB-F497-4625-9E57-91EE11AD5A2F}"
EndProject
Global
	GlobalSection(SolutionConfigurationPlatforms) = preSolution
		Debug|Any CPU = Debug|Any CPU
		Release|Any CPU = Release|Any CPU
	EndGlobalSection
	GlobalSection(ProjectConfigurationPlatforms) = postSolution
		{688EB6F0-4463-49F2-AB56-4A79B76E04BC}.Debug|Any CPU.ActiveCfg = Debug|Any CPU
		{688EB6F0-4463-49F2-AB56-4A79B76E04BC}.Debug|Any CPU.Build.0 = Debug|Any CPU
		{688EB6F0-4463-49F2-AB56-4A79B76E04BC}.Release|Any CPU.ActiveCfg = Release|Any CPU
		{688EB6F0-4463-49F2-AB56-4A79B76E04BC}.Release|Any CPU.Build.0 = Release|Any CPU
		{E174118C-C5D7-4A31-8DA8-FCA4E3AC203E}.Debug|Any CPU.ActiveCfg = Debug|Any CPU
		{E174118C-C5D7-4A31-8DA8-FCA4E3AC203E}.Debug|Any CPU.Build.0 = Debug|Any CPU
		{E174118C-C5D7-4A31-8DA8-FCA4E3AC203E}.Debug|Any CPU.Deploy.0 = Debug|Any CPU
		{E174118C-C5D7-4A31-8DA8-FCA4E3AC203E}.Release|Any CPU.ActiveCfg = Release|Any CPU
		{E174118C-C5D7-4A31-8DA8-FCA4E3AC203E}.Release|Any CPU.Build.0 = Release|Any CPU
		{E174118C-C5D7-4A31-8DA8-FCA4E3AC203E}.Release|Any CPU.Deploy.0 = Release|Any CPU
		{D48821CB-F497-4625-9E57-91EE11AD5A2F}.Debug|Any CPU.ActiveCfg = Debug|Any CPU
		{D48821CB-F497-4625-9E57-91EE11AD5A2F}.Debug|Any CPU.Build.0 = Debug|Any CPU
		{D48821CB-F497-4625-9E57-91EE11AD5A2F}.Release|Any CPU.ActiveCfg = Release|Any CPU
		{D48821CB-F497-4625-9E57-91EE11AD5A2F}.Release|Any CPU.Build.0 = Release|Any CPU
	EndGlobalSection
	GlobalSection(SolutionProperties) = preSolution
		HideSolutionNode = FALSE
	EndGlobalSection
EndGlobal
